
Microsoft Visual Studio Solution File, Format Version 12.00
# Visual Studio Version 17
VisualStudioVersion = 17.4.33205.214
MinimumVisualStudioVersion = 10.0.40219.1
Project("{FAE04EC0-301F-11D3-BF4B-00C04F79EFBC}") = "ITMO.ADOCourse.Lab01.BDConnection", "ITMO.ADOCourse.Lab01.BDConnection\ITMO.ADOCourse.Lab01.BDConnection.csproj", "{4B7D40FD-A575-42FE-A715-B7140B49C879}"
EndProject
Project("{FAE04EC0-301F-11D3-BF4B-00C04F79EFBC}") = "ITMO.ADOCourse.Lab01.Ex02", "ITMO.ADOCourse.Lab01.Ex02\ITMO.ADOCourse.Lab01.Ex02.csproj", "{A00168E1-359B-4BFA-ABE1-3EAB698677FB}"
EndProject
Project("{FAE04EC0-301F-11D3-BF4B-00C04F79EFBC}") = "ITMO.ADOCourse.Lab01.Ex03", "ITMO.ADOCourse.Lab01.Ex03\ITMO.ADOCourse.Lab01.Ex03.csproj", "{588B6776-C481-4A85-B206-BC6225D8E40C}"
EndProject
Project("{FAE04EC0-301F-11D3-BF4B-00C04F79EFBC}") = "ITMO.ADOCourse.Lab01.Ex04", "ITMO.ADOCourse.Lab01.Ex04\ITMO.ADOCourse.Lab01.Ex04.csproj", "{A7B30AAA-C5E9-4748-B2B8-33D2D2A86C2E}"
EndProject
Project("{FAE04EC0-301F-11D3-BF4B-00C04F79EFBC}") = "ITMO.ADOCourse.Lab01.Ex05", "ITMO.ADOCourse.Lab01.Ex05\ITMO.ADOCourse.Lab01.Ex05.csproj", "{FC1FCC55-9541-4DC6-943A-5C9A5302E619}"
EndProject
Project("{FAE04EC0-301F-11D3-BF4B-00C04F79EFBC}") = "ITMO.ADOCourse.Lab02.Ex01.Ex02.Ex03", "ITMO.ADOCourse.Lab02.Ex01.Ex02.Ex03\ITMO.ADOCourse.Lab02.Ex01.Ex02.Ex03.csproj", "{224537ED-D4A7-4E6D-BB83-502743695B56}"
EndProject
Project("{FAE04EC0-301F-11D3-BF4B-00C04F79EFBC}") = "ITMO.ADOCourse.Lab03.Ex01.Ex02", "ITMO.ADOCourse.Lab03.Ex01.Ex02\ITMO.ADOCourse.Lab03.Ex01.Ex02.csproj", "{4E408524-8D10-4085-B718-406E2E3D41E8}"
EndProject
Project("{FAE04EC0-301F-11D3-BF4B-00C04F79EFBC}") = "ITMO.ADOCourse.Lab03.Ex03.Ex04", "ITMO.ADOCourse.Lab03.Ex03.Ex04\ITMO.ADOCourse.Lab03.Ex03.Ex04.csproj", "{901B5727-4A58-4151-A890-FCC0180D3FA6}"
EndProject
Project("{FAE04EC0-301F-11D3-BF4B-00C04F79EFBC}") = "ITMO.ADOCourse.Lab04.DatasetDesigner.Ex01", "ITMO.ADOCourse.Lab04.DatasetDesigner.Ex01\ITMO.ADOCourse.Lab04.DatasetDesigner.Ex01.csproj", "{35B901D6-F078-4A41-96B2-BE35D1CE3C4C}"
EndProject
Project("{FAE04EC0-301F-11D3-BF4B-00C04F79EFBC}") = "ITMO.ADOCourse.Lab04.CreatingDataTable.Ex02", "ITMO.ADOCourse.Lab04.CreatingDataTable.Ex02\ITMO.ADOCourse.Lab04.CreatingDataTable.Ex02.csproj", "{92A7219E-DB49-4576-AEBD-ABE8E8B02390}"
EndProject
Project("{FAE04EC0-301F-11D3-BF4B-00C04F79EFBC}") = "ITMO.ADOCourse.Lab04.DataAdapterWizard.Ex03", "ITMO.ADOCourse.Lab04.DataAdapterWizard.Ex03\ITMO.ADOCourse.Lab04.DataAdapterWizard.Ex03.csproj", "{158CC524-A1A4-4F9F-9FB3-3CD44189D521}"
EndProject
Project("{FAE04EC0-301F-11D3-BF4B-00C04F79EFBC}") = "ITMO.ADOCourse.Lab04.DataAdapterProgram.Ex04", "ITMO.ADOCourse.Lab04.DataAdapterProgram.Ex04\ITMO.ADOCourse.Lab04.DataAdapterProgram.Ex04.csproj", "{452229A5-B916-40E7-9CA3-6C0A203D7597}"
EndProject
Project("{FAE04EC0-301F-11D3-BF4B-00C04F79EFBC}") = "ITMO.ADOCourse.Lab04.WorkingDataTable.Ex05", "ITMO.ADOCourse.Lab04.WorkingDataTable.Ex05\ITMO.ADOCourse.Lab04.WorkingDataTable.Ex05.csproj", "{173429D5-5441-405C-B60C-FFC90057C7D2}"
EndProject
Project("{FAE04EC0-301F-11D3-BF4B-00C04F79EFBC}") = "ITMO.ADOCourse.Lab04.DataViewExample.Ex06", "ITMO.ADOCourse.Lab04.DataViewExample.Ex06\ITMO.ADOCourse.Lab04.DataViewExample.Ex06.csproj", "{382AEC2D-9A04-4FB5-8691-0BA3A5F22AE3}"
EndProject
Project("{FAE04EC0-301F-11D3-BF4B-00C04F79EFBC}") = "ITMO.ADOCourse.Lab05.DataSourcesWizard.Ex01", "ITMO.ADOCourse.Lab05.DataSourcesWizard.Ex01\ITMO.ADOCourse.Lab05.DataSourcesWizard.Ex01.csproj", "{78D8592D-C4AA-4882-A707-D6720D1737DE}"
EndProject
Project("{FAE04EC0-301F-11D3-BF4B-00C04F79EFBC}") = "ITMO.ADOCourse.Lab05.DataBindingSimple.Ex02", "ITMO.ADOCourse.Lab05.DataBindingSimple.Ex02\ITMO.ADOCourse.Lab05.DataBindingSimple.Ex02.csproj", "{D50DD736-E899-47CF-8210-3FDBBDBF29C3}"
EndProject
Project("{FAE04EC0-301F-11D3-BF4B-00C04F79EFBC}") = "ITMO.ADOCourse.Lab05.DataBindingComplex.Ex03", "ITMO.ADOCourse.Lab05.DataBindingComplex.Ex03\ITMO.ADOCourse.Lab05.DataBindingComplex.Ex03.csproj", "{F0BEABBC-CAB1-45F4-9B24-99EEF3B2BBB1}"
EndProject
Project("{FAE04EC0-301F-11D3-BF4B-00C04F79EFBC}") = "ITMO.ADOCourse.Lab05.DataGridViewExample.Ex04", "ITMO.ADOCourse.Lab05.DataGridViewExample.Ex04\ITMO.ADOCourse.Lab05.DataGridViewExample.Ex04.csproj", "{BA502042-06EA-4FA7-AA09-B272603EF31C}"
EndProject
Project("{FAE04EC0-301F-11D3-BF4B-00C04F79EFBC}") = "ITMO.ADOCourse.Lab07.Linq_Student.Ex01", "ITMO.ADOCourse.Lab07.Linq_Student.Ex01\ITMO.ADOCourse.Lab07.Linq_Student.Ex01.csproj", "{A50282BA-03EB-412F-9F44-C3048E2D7EF0}"
EndProject
Project("{FAE04EC0-301F-11D3-BF4B-00C04F79EFBC}") = "ITMO.ADOCourse.Lab07.Linq_Student.Ex02", "ITMO.ADOCourse.Lab07.Linq_Student.Ex02\ITMO.ADOCourse.Lab07.Linq_Student.Ex02.csproj", "{3E036A65-89A9-4B03-80A4-4F14054E7A70}"
EndProject
Project("{FAE04EC0-301F-11D3-BF4B-00C04F79EFBC}") = "ITMO.ADOCourse.Lab07.Linq_Student.Ex03", "ITMO.ADOCourse.Lab07.Linq_Student.Ex03\ITMO.ADOCourse.Lab07.Linq_Student.Ex03.csproj", "{6F9DB871-51C6-46F0-A58A-803D8E77C6F9}"
EndProject
Project("{FAE04EC0-301F-11D3-BF4B-00C04F79EFBC}") = "ITMO.ADOCourse.Lab09.CustomerManager.Ex01.Ex02", "ITMO.ADOCourse.Lab09.CustomerManager.Ex01.Ex02\ITMO.ADOCourse.Lab09.CustomerManager.Ex01.Ex02.csproj", "{5D524D35-F70B-464A-AB2D-21C520BEBAD2}"
EndProject
Project("{FAE04EC0-301F-11D3-BF4B-00C04F79EFBC}") = "ITMO.ADOCourse.CodeFirst", "ITMO.ADOCourse.CodeFirst\ITMO.ADOCourse.CodeFirst.csproj", "{F2EEA31C-5114-484B-99AF-18B1B75BF5FA}"
EndProject
Project("{FAE04EC0-301F-11D3-BF4B-00C04F79EFBC}") = "ITMO.ADOCourse.FinalTask", "ITMO.ADOCourse.FinalTask\ITMO.ADOCourse.FinalTask.csproj", "{BA611C0E-5BCA-429A-8DDD-D9F8AF53E4B3}"
EndProject
Project("{FAE04EC0-301F-11D3-BF4B-00C04F79EFBC}") = "ITMO.ADOCourse.Lab09.CourseManager.Ex03", "ITMO.ADOCourse.Lab09.CourseManager.Ex03\ITMO.ADOCourse.Lab09.CourseManager.Ex03.csproj", "{52944EBE-C6CD-4289-8E00-35B49FECCCD0}"
EndProject
Global
	GlobalSection(SolutionConfigurationPlatforms) = preSolution
		Debug|Any CPU = Debug|Any CPU
		Release|Any CPU = Release|Any CPU
	EndGlobalSection
	GlobalSection(ProjectConfigurationPlatforms) = postSolution
		{4B7D40FD-A575-42FE-A715-B7140B49C879}.Debug|Any CPU.ActiveCfg = Debug|Any CPU
		{4B7D40FD-A575-42FE-A715-B7140B49C879}.Debug|Any CPU.Build.0 = Debug|Any CPU
		{4B7D40FD-A575-42FE-A715-B7140B49C879}.Release|Any CPU.ActiveCfg = Release|Any CPU
		{4B7D40FD-A575-42FE-A715-B7140B49C879}.Release|Any CPU.Build.0 = Release|Any CPU
		{A00168E1-359B-4BFA-ABE1-3EAB698677FB}.Debug|Any CPU.ActiveCfg = Debug|Any CPU
		{A00168E1-359B-4BFA-ABE1-3EAB698677FB}.Debug|Any CPU.Build.0 = Debug|Any CPU
		{A00168E1-359B-4BFA-ABE1-3EAB698677FB}.Release|Any CPU.ActiveCfg = Release|Any CPU
		{A00168E1-359B-4BFA-ABE1-3EAB698677FB}.Release|Any CPU.Build.0 = Release|Any CPU
		{588B6776-C481-4A85-B206-BC6225D8E40C}.Debug|Any CPU.ActiveCfg = Debug|Any CPU
		{588B6776-C481-4A85-B206-BC6225D8E40C}.Debug|Any CPU.Build.0 = Debug|Any CPU
		{588B6776-C481-4A85-B206-BC6225D8E40C}.Release|Any CPU.ActiveCfg = Release|Any CPU
		{588B6776-C481-4A85-B206-BC6225D8E40C}.Release|Any CPU.Build.0 = Release|Any CPU
		{A7B30AAA-C5E9-4748-B2B8-33D2D2A86C2E}.Debug|Any CPU.ActiveCfg = Debug|Any CPU
		{A7B30AAA-C5E9-4748-B2B8-33D2D2A86C2E}.Debug|Any CPU.Build.0 = Debug|Any CPU
		{A7B30AAA-C5E9-4748-B2B8-33D2D2A86C2E}.Release|Any CPU.ActiveCfg = Release|Any CPU
		{A7B30AAA-C5E9-4748-B2B8-33D2D2A86C2E}.Release|Any CPU.Build.0 = Release|Any CPU
		{FC1FCC55-9541-4DC6-943A-5C9A5302E619}.Debug|Any CPU.ActiveCfg = Debug|Any CPU
		{FC1FCC55-9541-4DC6-943A-5C9A5302E619}.Debug|Any CPU.Build.0 = Debug|Any CPU
		{FC1FCC55-9541-4DC6-943A-5C9A5302E619}.Release|Any CPU.ActiveCfg = Release|Any CPU
		{FC1FCC55-9541-4DC6-943A-5C9A5302E619}.Release|Any CPU.Build.0 = Release|Any CPU
		{224537ED-D4A7-4E6D-BB83-502743695B56}.Debug|Any CPU.ActiveCfg = Debug|Any CPU
		{224537ED-D4A7-4E6D-BB83-502743695B56}.Debug|Any CPU.Build.0 = Debug|Any CPU
		{224537ED-D4A7-4E6D-BB83-502743695B56}.Release|Any CPU.ActiveCfg = Release|Any CPU
		{224537ED-D4A7-4E6D-BB83-502743695B56}.Release|Any CPU.Build.0 = Release|Any CPU
		{4E408524-8D10-4085-B718-406E2E3D41E8}.Debug|Any CPU.ActiveCfg = Debug|Any CPU
		{4E408524-8D10-4085-B718-406E2E3D41E8}.Debug|Any CPU.Build.0 = Debug|Any CPU
		{4E408524-8D10-4085-B718-406E2E3D41E8}.Release|Any CPU.ActiveCfg = Release|Any CPU
		{4E408524-8D10-4085-B718-406E2E3D41E8}.Release|Any CPU.Build.0 = Release|Any CPU
		{901B5727-4A58-4151-A890-FCC0180D3FA6}.Debug|Any CPU.ActiveCfg = Debug|Any CPU
		{901B5727-4A58-4151-A890-FCC0180D3FA6}.Debug|Any CPU.Build.0 = Debug|Any CPU
		{901B5727-4A58-4151-A890-FCC0180D3FA6}.Release|Any CPU.ActiveCfg = Release|Any CPU
		{901B5727-4A58-4151-A890-FCC0180D3FA6}.Release|Any CPU.Build.0 = Release|Any CPU
		{35B901D6-F078-4A41-96B2-BE35D1CE3C4C}.Debug|Any CPU.ActiveCfg = Debug|Any CPU
		{35B901D6-F078-4A41-96B2-BE35D1CE3C4C}.Debug|Any CPU.Build.0 = Debug|Any CPU
		{35B901D6-F078-4A41-96B2-BE35D1CE3C4C}.Release|Any CPU.ActiveCfg = Release|Any CPU
		{35B901D6-F078-4A41-96B2-BE35D1CE3C4C}.Release|Any CPU.Build.0 = Release|Any CPU
		{92A7219E-DB49-4576-AEBD-ABE8E8B02390}.Debug|Any CPU.ActiveCfg = Debug|Any CPU
		{92A7219E-DB49-4576-AEBD-ABE8E8B02390}.Debug|Any CPU.Build.0 = Debug|Any CPU
		{92A7219E-DB49-4576-AEBD-ABE8E8B02390}.Release|Any CPU.ActiveCfg = Release|Any CPU
		{92A7219E-DB49-4576-AEBD-ABE8E8B02390}.Release|Any CPU.Build.0 = Release|Any CPU
		{158CC524-A1A4-4F9F-9FB3-3CD44189D521}.Debug|Any CPU.ActiveCfg = Debug|Any CPU
		{158CC524-A1A4-4F9F-9FB3-3CD44189D521}.Debug|Any CPU.Build.0 = Debug|Any CPU
		{158CC524-A1A4-4F9F-9FB3-3CD44189D521}.Release|Any CPU.ActiveCfg = Release|Any CPU
		{158CC524-A1A4-4F9F-9FB3-3CD44189D521}.Release|Any CPU.Build.0 = Release|Any CPU
		{452229A5-B916-40E7-9CA3-6C0A203D7597}.Debug|Any CPU.ActiveCfg = Debug|Any CPU
		{452229A5-B916-40E7-9CA3-6C0A203D7597}.Debug|Any CPU.Build.0 = Debug|Any CPU
		{452229A5-B916-40E7-9CA3-6C0A203D7597}.Release|Any CPU.ActiveCfg = Release|Any CPU
		{452229A5-B916-40E7-9CA3-6C0A203D7597}.Release|Any CPU.Build.0 = Release|Any CPU
		{173429D5-5441-405C-B60C-FFC90057C7D2}.Debug|Any CPU.ActiveCfg = Debug|Any CPU
		{173429D5-5441-405C-B60C-FFC90057C7D2}.Debug|Any CPU.Build.0 = Debug|Any CPU
		{173429D5-5441-405C-B60C-FFC90057C7D2}.Release|Any CPU.ActiveCfg = Release|Any CPU
		{173429D5-5441-405C-B60C-FFC90057C7D2}.Release|Any CPU.Build.0 = Release|Any CPU
		{382AEC2D-9A04-4FB5-8691-0BA3A5F22AE3}.Debug|Any CPU.ActiveCfg = Debug|Any CPU
		{382AEC2D-9A04-4FB5-8691-0BA3A5F22AE3}.Debug|Any CPU.Build.0 = Debug|Any CPU
		{382AEC2D-9A04-4FB5-8691-0BA3A5F22AE3}.Release|Any CPU.ActiveCfg = Release|Any CPU
		{382AEC2D-9A04-4FB5-8691-0BA3A5F22AE3}.Release|Any CPU.Build.0 = Release|Any CPU
		{78D8592D-C4AA-4882-A707-D6720D1737DE}.Debug|Any CPU.ActiveCfg = Debug|Any CPU
		{78D8592D-C4AA-4882-A707-D6720D1737DE}.Debug|Any CPU.Build.0 = Debug|Any CPU
		{78D8592D-C4AA-4882-A707-D6720D1737DE}.Release|Any CPU.ActiveCfg = Release|Any CPU
		{78D8592D-C4AA-4882-A707-D6720D1737DE}.Release|Any CPU.Build.0 = Release|Any CPU
		{D50DD736-E899-47CF-8210-3FDBBDBF29C3}.Debug|Any CPU.ActiveCfg = Debug|Any CPU
		{D50DD736-E899-47CF-8210-3FDBBDBF29C3}.Debug|Any CPU.Build.0 = Debug|Any CPU
		{D50DD736-E899-47CF-8210-3FDBBDBF29C3}.Release|Any CPU.ActiveCfg = Release|Any CPU
		{D50DD736-E899-47CF-8210-3FDBBDBF29C3}.Release|Any CPU.Build.0 = Release|Any CPU
		{F0BEABBC-CAB1-45F4-9B24-99EEF3B2BBB1}.Debug|Any CPU.ActiveCfg = Debug|Any CPU
		{F0BEABBC-CAB1-45F4-9B24-99EEF3B2BBB1}.Debug|Any CPU.Build.0 = Debug|Any CPU
		{F0BEABBC-CAB1-45F4-9B24-99EEF3B2BBB1}.Release|Any CPU.ActiveCfg = Release|Any CPU
		{F0BEABBC-CAB1-45F4-9B24-99EEF3B2BBB1}.Release|Any CPU.Build.0 = Release|Any CPU
		{BA502042-06EA-4FA7-AA09-B272603EF31C}.Debug|Any CPU.ActiveCfg = Debug|Any CPU
		{BA502042-06EA-4FA7-AA09-B272603EF31C}.Debug|Any CPU.Build.0 = Debug|Any CPU
		{BA502042-06EA-4FA7-AA09-B272603EF31C}.Release|Any CPU.ActiveCfg = Release|Any CPU
		{BA502042-06EA-4FA7-AA09-B272603EF31C}.Release|Any CPU.Build.0 = Release|Any CPU
		{A50282BA-03EB-412F-9F44-C3048E2D7EF0}.Debug|Any CPU.ActiveCfg = Debug|Any CPU
		{A50282BA-03EB-412F-9F44-C3048E2D7EF0}.Debug|Any CPU.Build.0 = Debug|Any CPU
		{A50282BA-03EB-412F-9F44-C3048E2D7EF0}.Release|Any CPU.ActiveCfg = Release|Any CPU
		{A50282BA-03EB-412F-9F44-C3048E2D7EF0}.Release|Any CPU.Build.0 = Release|Any CPU
		{3E036A65-89A9-4B03-80A4-4F14054E7A70}.Debug|Any CPU.ActiveCfg = Debug|Any CPU
		{3E036A65-89A9-4B03-80A4-4F14054E7A70}.Debug|Any CPU.Build.0 = Debug|Any CPU
		{3E036A65-89A9-4B03-80A4-4F14054E7A70}.Release|Any CPU.ActiveCfg = Release|Any CPU
		{3E036A65-89A9-4B03-80A4-4F14054E7A70}.Release|Any CPU.Build.0 = Release|Any CPU
		{6F9DB871-51C6-46F0-A58A-803D8E77C6F9}.Debug|Any CPU.ActiveCfg = Debug|Any CPU
		{6F9DB871-51C6-46F0-A58A-803D8E77C6F9}.Debug|Any CPU.Build.0 = Debug|Any CPU
		{6F9DB871-51C6-46F0-A58A-803D8E77C6F9}.Release|Any CPU.ActiveCfg = Release|Any CPU
		{6F9DB871-51C6-46F0-A58A-803D8E77C6F9}.Release|Any CPU.Build.0 = Release|Any CPU
		{5D524D35-F70B-464A-AB2D-21C520BEBAD2}.Debug|Any CPU.ActiveCfg = Debug|Any CPU
		{5D524D35-F70B-464A-AB2D-21C520BEBAD2}.Debug|Any CPU.Build.0 = Debug|Any CPU
		{5D524D35-F70B-464A-AB2D-21C520BEBAD2}.Release|Any CPU.ActiveCfg = Release|Any CPU
		{5D524D35-F70B-464A-AB2D-21C520BEBAD2}.Release|Any CPU.Build.0 = Release|Any CPU
		{F2EEA31C-5114-484B-99AF-18B1B75BF5FA}.Debug|Any CPU.ActiveCfg = Debug|Any CPU
		{F2EEA31C-5114-484B-99AF-18B1B75BF5FA}.Debug|Any CPU.Build.0 = Debug|Any CPU
		{F2EEA31C-5114-484B-99AF-18B1B75BF5FA}.Release|Any CPU.ActiveCfg = Release|Any CPU
		{F2EEA31C-5114-484B-99AF-18B1B75BF5FA}.Release|Any CPU.Build.0 = Release|Any CPU
		{BA611C0E-5BCA-429A-8DDD-D9F8AF53E4B3}.Debug|Any CPU.ActiveCfg = Debug|Any CPU
		{BA611C0E-5BCA-429A-8DDD-D9F8AF53E4B3}.Debug|Any CPU.Build.0 = Debug|Any CPU
		{BA611C0E-5BCA-429A-8DDD-D9F8AF53E4B3}.Release|Any CPU.ActiveCfg = Release|Any CPU
		{BA611C0E-5BCA-429A-8DDD-D9F8AF53E4B3}.Release|Any CPU.Build.0 = Release|Any CPU
		{52944EBE-C6CD-4289-8E00-35B49FECCCD0}.Debug|Any CPU.ActiveCfg = Debug|Any CPU
		{52944EBE-C6CD-4289-8E00-35B49FECCCD0}.Debug|Any CPU.Build.0 = Debug|Any CPU
		{52944EBE-C6CD-4289-8E00-35B49FECCCD0}.Release|Any CPU.ActiveCfg = Release|Any CPU
		{52944EBE-C6CD-4289-8E00-35B49FECCCD0}.Release|Any CPU.Build.0 = Release|Any CPU
	EndGlobalSection
	GlobalSection(SolutionProperties) = preSolution
		HideSolutionNode = FALSE
	EndGlobalSection
	GlobalSection(ExtensibilityGlobals) = postSolution
		SolutionGuid = {97C131E4-5FEF-4C88-955C-FA73CE693A61}
	EndGlobalSection
EndGlobal
